
Microsoft Visual Studio Solution File, Format Version 12.00
# Visual Studio Version 16
VisualStudioVersion = 16.0.31129.286
MinimumVisualStudioVersion = 10.0.40219.1
Project("{9A19103F-16F7-4668-BE54-9A1E7A4F7556}") = "Marzlam1", "Marzlam1\Marzlam1.csproj", "{4B02088D-3D50-4668-8C37-8A6ABE158698}"
EndProject
Project("{9A19103F-16F7-4668-BE54-9A1E7A4F7556}") = "Marzlam2", "Marzlam2\Marzlam2.csproj", "{86060091-1936-446B-9933-1323458FEA1E}"
EndProject
Project("{9A19103F-16F7-4668-BE54-9A1E7A4F7556}") = "Marzlam3", "Marzlam3\Marzlam3.csproj", "{1C91862C-403F-440B-863B-D9C32621EE53}"
EndProject
Project("{9A19103F-16F7-4668-BE54-9A1E7A4F7556}") = "Marzlam api", "Marzlam api\Marzlam api.csproj", "{42CF52FF-1CA2-4ED2-B159-5192BCD16636}"
EndProject
Project("{9A19103F-16F7-4668-BE54-9A1E7A4F7556}") = "ConsoleApp1", "ConsoleApp1\ConsoleApp1.csproj", "{A5E99615-D380-413A-BDE3-46027C8E0779}"
EndProject
Project("{FAE04EC0-301F-11D3-BF4B-00C04F79EFBC}") = "autufac", "autufac\autufac.csproj", "{5BBB7778-0920-4254-BE7C-40DAA7149D4B}"
EndProject
Project("{FAE04EC0-301F-11D3-BF4B-00C04F79EFBC}") = "TestServiceImpl", "TestServiceImpl\TestServiceImpl.csproj", "{E703A066-6E60-48B7-99B7-6EBA4565A5D6}"
EndProject
Global
	GlobalSection(SolutionConfigurationPlatforms) = preSolution
		Debug|Any CPU = Debug|Any CPU
		Release|Any CPU = Release|Any CPU
	EndGlobalSection
	GlobalSection(ProjectConfigurationPlatforms) = postSolution
		{4B02088D-3D50-4668-8C37-8A6ABE158698}.Debug|Any CPU.ActiveCfg = Debug|Any CPU
		{4B02088D-3D50-4668-8C37-8A6ABE158698}.Debug|Any CPU.Build.0 = Debug|Any CPU
		{4B02088D-3D50-4668-8C37-8A6ABE158698}.Release|Any CPU.ActiveCfg = Release|Any CPU
		{4B02088D-3D50-4668-8C37-8A6ABE158698}.Release|Any CPU.Build.0 = Release|Any CPU
		{86060091-1936-446B-9933-1323458FEA1E}.Debug|Any CPU.ActiveCfg = Debug|Any CPU
		{86060091-1936-446B-9933-1323458FEA1E}.Debug|Any CPU.Build.0 = Debug|Any CPU
		{86060091-1936-446B-9933-1323458FEA1E}.Release|Any CPU.ActiveCfg = Release|Any CPU
		{86060091-1936-446B-9933-1323458FEA1E}.Release|Any CPU.Build.0 = Release|Any CPU
		{1C91862C-403F-440B-863B-D9C32621EE53}.Debug|Any CPU.ActiveCfg = Debug|Any CPU
		{1C91862C-403F-440B-863B-D9C32621EE53}.Debug|Any CPU.Build.0 = Debug|Any CPU
		{1C91862C-403F-440B-863B-D9C32621EE53}.Release|Any CPU.ActiveCfg = Release|Any CPU
		{1C91862C-403F-440B-863B-D9C32621EE53}.Release|Any CPU.Build.0 = Release|Any CPU
		{42CF52FF-1CA2-4ED2-B159-5192BCD16636}.Debug|Any CPU.ActiveCfg = Debug|Any CPU
		{42CF52FF-1CA2-4ED2-B159-5192BCD16636}.Debug|Any CPU.Build.0 = Debug|Any CPU
		{42CF52FF-1CA2-4ED2-B159-5192BCD16636}.Release|Any CPU.ActiveCfg = Release|Any CPU
		{42CF52FF-1CA2-4ED2-B159-5192BCD16636}.Release|Any CPU.Build.0 = Release|Any CPU
		{A5E99615-D380-413A-BDE3-46027C8E0779}.Debug|Any CPU.ActiveCfg = Debug|Any CPU
		{A5E99615-D380-413A-BDE3-46027C8E0779}.Debug|Any CPU.Build.0 = Debug|Any CPU
		{A5E99615-D380-413A-BDE3-46027C8E0779}.Release|Any CPU.ActiveCfg = Release|Any CPU
		{A5E99615-D380-413A-BDE3-46027C8E0779}.Release|Any CPU.Build.0 = Release|Any CPU
		{5BBB7778-0920-4254-BE7C-40DAA7149D4B}.Debug|Any CPU.ActiveCfg = Debug|Any CPU
		{5BBB7778-0920-4254-BE7C-40DAA7149D4B}.Debug|Any CPU.Build.0 = Debug|Any CPU
		{5BBB7778-0920-4254-BE7C-40DAA7149D4B}.Release|Any CPU.ActiveCfg = Release|Any CPU
		{5BBB7778-0920-4254-BE7C-40DAA7149D4B}.Release|Any CPU.Build.0 = Release|Any CPU
		{E703A066-6E60-48B7-99B7-6EBA4565A5D6}.Debug|Any CPU.ActiveCfg = Debug|Any CPU
		{E703A066-6E60-48B7-99B7-6EBA4565A5D6}.Debug|Any CPU.Build.0 = Debug|Any CPU
		{E703A066-6E60-48B7-99B7-6EBA4565A5D6}.Release|Any CPU.ActiveCfg = Release|Any CPU
		{E703A066-6E60-48B7-99B7-6EBA4565A5D6}.Release|Any CPU.Build.0 = Release|Any CPU
	EndGlobalSection
	GlobalSection(SolutionProperties) = preSolution
		HideSolutionNode = FALSE
	EndGlobalSection
	GlobalSection(ExtensibilityGlobals) = postSolution
		SolutionGuid = {212FE8D4-F264-412A-A3F2-37E73823E76C}
	EndGlobalSection
EndGlobal
